
Microsoft Visual Studio Solution File, Format Version 12.00
# Visual Studio Version 16
VisualStudioVersion = 16.0.30114.105
MinimumVisualStudioVersion = 10.0.40219.1
Project("{FAE04EC0-301F-11D3-BF4B-00C04F79EFBC}") = "BinaryMash.CloudEvents", "BinaryMash.CloudEvents\BinaryMash.CloudEvents.csproj", "{3C060F5F-CC28-46C4-AAB9-FC69D00FC519}"
EndProject
Project("{FAE04EC0-301F-11D3-BF4B-00C04F79EFBC}") = "BinaryMash.CloudEvents.Tests", "BinaryMash.CloudEvents.Tests\BinaryMash.CloudEvents.Tests.csproj", "{1301A33D-A8E5-4522-9DA8-D5DC5BD586B6}"
EndProject
Global
	GlobalSection(SolutionConfigurationPlatforms) = preSolution
		Debug|Any CPU = Debug|Any CPU
		Release|Any CPU = Release|Any CPU
	EndGlobalSection
	GlobalSection(SolutionProperties) = preSolution
		HideSolutionNode = FALSE
	EndGlobalSection
	GlobalSection(ProjectConfigurationPlatforms) = postSolution
		{3C060F5F-CC28-46C4-AAB9-FC69D00FC519}.Debug|Any CPU.ActiveCfg = Debug|Any CPU
		{3C060F5F-CC28-46C4-AAB9-FC69D00FC519}.Debug|Any CPU.Build.0 = Debug|Any CPU
		{3C060F5F-CC28-46C4-AAB9-FC69D00FC519}.Release|Any CPU.ActiveCfg = Release|Any CPU
		{3C060F5F-CC28-46C4-AAB9-FC69D00FC519}.Release|Any CPU.Build.0 = Release|Any CPU
		{1301A33D-A8E5-4522-9DA8-D5DC5BD586B6}.Debug|Any CPU.ActiveCfg = Debug|Any CPU
		{1301A33D-A8E5-4522-9DA8-D5DC5BD586B6}.Debug|Any CPU.Build.0 = Debug|Any CPU
		{1301A33D-A8E5-4522-9DA8-D5DC5BD586B6}.Release|Any CPU.ActiveCfg = Release|Any CPU
		{1301A33D-A8E5-4522-9DA8-D5DC5BD586B6}.Release|Any CPU.Build.0 = Release|Any CPU
	EndGlobalSection
EndGlobal
